// !$*UTF8*$!
{
	archiveVersion = 1;
	classes = {
	};
	objectVersion = 46;
	objects = {

/* Begin PBXBuildFile section */
		453E9041180D449500CB1C05 /* Foundation.framework in Frameworks */ = {isa = PBXBuildFile; fileRef = 453E9040180D449500CB1C05 /* Foundation.framework */; };
		453E9043180D449500CB1C05 /* CoreGraphics.framework in Frameworks */ = {isa = PBXBuildFile; fileRef = 453E9042180D449500CB1C05 /* CoreGraphics.framework */; };
		453E9045180D449500CB1C05 /* UIKit.framework in Frameworks */ = {isa = PBXBuildFile; fileRef = 453E9044180D449500CB1C05 /* UIKit.framework */; };
		453E904B180D449500CB1C05 /* InfoPlist.strings in Resources */ = {isa = PBXBuildFile; fileRef = 453E9049180D449500CB1C05 /* InfoPlist.strings */; };
		453E904D180D449500CB1C05 /* main.m in Sources */ = {isa = PBXBuildFile; fileRef = 453E904C180D449500CB1C05 /* main.m */; };
		453E9051180D449500CB1C05 /* AppDelegate.m in Sources */ = {isa = PBXBuildFile; fileRef = 453E9050180D449500CB1C05 /* AppDelegate.m */; };
		453E9054180D449500CB1C05 /* Main.storyboard in Resources */ = {isa = PBXBuildFile; fileRef = 453E9052180D449500CB1C05 /* Main.storyboard */; };
		453E9057180D449500CB1C05 /* ViewController.m in Sources */ = {isa = PBXBuildFile; fileRef = 453E9056180D449500CB1C05 /* ViewController.m */; };
		453E9059180D449500CB1C05 /* Images.xcassets in Resources */ = {isa = PBXBuildFile; fileRef = 453E9058180D449500CB1C05 /* Images.xcassets */; };
		453E9060180D449500CB1C05 /* XCTest.framework in Frameworks */ = {isa = PBXBuildFile; fileRef = 453E905F180D449500CB1C05 /* XCTest.framework */; };
		453E9061180D449500CB1C05 /* Foundation.framework in Frameworks */ = {isa = PBXBuildFile; fileRef = 453E9040180D449500CB1C05 /* Foundation.framework */; };
		453E9062180D449500CB1C05 /* UIKit.framework in Frameworks */ = {isa = PBXBuildFile; fileRef = 453E9044180D449500CB1C05 /* UIKit.framework */; };
		453E906A180D449500CB1C05 /* InfoPlist.strings in Resources */ = {isa = PBXBuildFile; fileRef = 453E9068180D449500CB1C05 /* InfoPlist.strings */; };
		453E906C180D449600CB1C05 /* TodoAppTests.m in Sources */ = {isa = PBXBuildFile; fileRef = 453E906B180D449600CB1C05 /* TodoAppTests.m */; };
/* End PBXBuildFile section */

/* Begin PBXContainerItemProxy section */
		453E9063180D449500CB1C05 /* PBXContainerItemProxy */ = {
			isa = PBXContainerItemProxy;
			containerPortal = 453E9035180D449500CB1C05 /* Project object */;
			proxyType = 1;
			remoteGlobalIDString = 453E903C180D449500CB1C05;
			remoteInfo = TodoApp;
		};
/* End PBXContainerItemProxy section */

/* Begin PBXFileReference section */
		453E903D180D449500CB1C05 /* TodoApp.app */ = {isa = PBXFileReference; explicitFileType = wrapper.application; includeInIndex = 0; path = TodoApp.app; sourceTree = BUILT_PRODUCTS_DIR; };
		453E9040180D449500CB1C05 /* Foundation.framework */ = {isa = PBXFileReference; lastKnownFileType = wrapper.framework; name = Foundation.framework; path = System/Library/Frameworks/Foundation.framework; sourceTree = SDKROOT; };
		453E9042180D449500CB1C05 /* CoreGraphics.framework */ = {isa = PBXFileReference; lastKnownFileType = wrapper.framework; name = CoreGraphics.framework; path = System/Library/Frameworks/CoreGraphics.framework; sourceTree = SDKROOT; };
		453E9044180D449500CB1C05 /* UIKit.framework */ = {isa = PBXFileReference; lastKnownFileType = wrapper.framework; name = UIKit.framework; path = System/Library/Frameworks/UIKit.framework; sourceTree = SDKROOT; };
		453E9048180D449500CB1C05 /* TodoApp-Info.plist */ = {isa = PBXFileReference; lastKnownFileType = text.plist.xml; path = "TodoApp-Info.plist"; sourceTree = "<group>"; };
		453E904A180D449500CB1C05 /* en */ = {isa = PBXFileReference; lastKnownFileType = text.plist.strings; name = en; path = en.lproj/InfoPlist.strings; sourceTree = "<group>"; };
		453E904C180D449500CB1C05 /* main.m */ = {isa = PBXFileReference; lastKnownFileType = sourcecode.c.objc; path = main.m; sourceTree = "<group>"; };
		453E904E180D449500CB1C05 /* TodoApp-Prefix.pch */ = {isa = PBXFileReference; lastKnownFileType = sourcecode.c.h; path = "TodoApp-Prefix.pch"; sourceTree = "<group>"; };
		453E904F180D449500CB1C05 /* AppDelegate.h */ = {isa = PBXFileReference; lastKnownFileType = sourcecode.c.h; path = AppDelegate.h; sourceTree = "<group>"; };
		453E9050180D449500CB1C05 /* AppDelegate.m */ = {isa = PBXFileReference; lastKnownFileType = sourcecode.c.objc; path = AppDelegate.m; sourceTree = "<group>"; };
		453E9053180D449500CB1C05 /* Base */ = {isa = PBXFileReference; lastKnownFileType = file.storyboard; name = Base; path = Base.lproj/Main.storyboard; sourceTree = "<group>"; };
		453E9055180D449500CB1C05 /* ViewController.h */ = {isa = PBXFileReference; lastKnownFileType = sourcecode.c.h; path = ViewController.h; sourceTree = "<group>"; };
		453E9056180D449500CB1C05 /* ViewController.m */ = {isa = PBXFileReference; lastKnownFileType = sourcecode.c.objc; path = ViewController.m; sourceTree = "<group>"; };
		453E9058180D449500CB1C05 /* Images.xcassets */ = {isa = PBXFileReference; lastKnownFileType = folder.assetcatalog; path = Images.xcassets; sourceTree = "<group>"; };
		453E905E180D449500CB1C05 /* TodoAppTests.xctest */ = {isa = PBXFileReference; explicitFileType = wrapper.cfbundle; includeInIndex = 0; path = TodoAppTests.xctest; sourceTree = BUILT_PRODUCTS_DIR; };
		453E905F180D449500CB1C05 /* XCTest.framework */ = {isa = PBXFileReference; lastKnownFileType = wrapper.framework; name = XCTest.framework; path = Library/Frameworks/XCTest.framework; sourceTree = DEVELOPER_DIR; };
		453E9067180D449500CB1C05 /* TodoAppTests-Info.plist */ = {isa = PBXFileReference; lastKnownFileType = text.plist.xml; path = "TodoAppTests-Info.plist"; sourceTree = "<group>"; };
		453E9069180D449500CB1C05 /* en */ = {isa = PBXFileReference; lastKnownFileType = text.plist.strings; name = en; path = en.lproj/InfoPlist.strings; sourceTree = "<group>"; };
		453E906B180D449600CB1C05 /* TodoAppTests.m */ = {isa = PBXFileReference; lastKnownFileType = sourcecode.c.objc; path = TodoAppTests.m; sourceTree = "<group>"; };
/* End PBXFileReference section */

/* Begin PBXFrameworksBuildPhase section */
		453E903A180D449500CB1C05 /* Frameworks */ = {
			isa = PBXFrameworksBuildPhase;
			buildActionMask = 2147483647;
			files = (
				453E9043180D449500CB1C05 /* CoreGraphics.framework in Frameworks */,
				453E9045180D449500CB1C05 /* UIKit.framework in Frameworks */,
				453E9041180D449500CB1C05 /* Foundation.framework in Frameworks */,
			);
			runOnlyForDeploymentPostprocessing = 0;
		};
		453E905B180D449500CB1C05 /* Frameworks */ = {
			isa = PBXFrameworksBuildPhase;
			buildActionMask = 2147483647;
			files = (
				453E9060180D449500CB1C05 /* XCTest.framework in Frameworks */,
				453E9062180D449500CB1C05 /* UIKit.framework in Frameworks */,
				453E9061180D449500CB1C05 /* Foundation.framework in Frameworks */,
			);
			runOnlyForDeploymentPostprocessing = 0;
		};
/* End PBXFrameworksBuildPhase section */

/* Begin PBXGroup section */
		453E9034180D449500CB1C05 = {
			isa = PBXGroup;
			children = (
				453E9046180D449500CB1C05 /* TodoApp */,
				453E9065180D449500CB1C05 /* TodoAppTests */,
				453E903F180D449500CB1C05 /* Frameworks */,
				453E903E180D449500CB1C05 /* Products */,
			);
			sourceTree = "<group>";
		};
		453E903E180D449500CB1C05 /* Products */ = {
			isa = PBXGroup;
			children = (
				453E903D180D449500CB1C05 /* TodoApp.app */,
				453E905E180D449500CB1C05 /* TodoAppTests.xctest */,
			);
			name = Products;
			sourceTree = "<group>";
		};
		453E903F180D449500CB1C05 /* Frameworks */ = {
			isa = PBXGroup;
			children = (
				453E9040180D449500CB1C05 /* Foundation.framework */,
				453E9042180D449500CB1C05 /* CoreGraphics.framework */,
				453E9044180D449500CB1C05 /* UIKit.framework */,
				453E905F180D449500CB1C05 /* XCTest.framework */,
			);
			name = Frameworks;
			sourceTree = "<group>";
		};
		453E9046180D449500CB1C05 /* TodoApp */ = {
			isa = PBXGroup;
			children = (
				453E904F180D449500CB1C05 /* AppDelegate.h */,
				453E9050180D449500CB1C05 /* AppDelegate.m */,
				453E9052180D449500CB1C05 /* Main.storyboard */,
				453E9055180D449500CB1C05 /* ViewController.h */,
				453E9056180D449500CB1C05 /* ViewController.m */,
				453E9058180D449500CB1C05 /* Images.xcassets */,
				453E9047180D449500CB1C05 /* Supporting Files */,
			);
			path = TodoApp;
			sourceTree = "<group>";
		};
		453E9047180D449500CB1C05 /* Supporting Files */ = {
			isa = PBXGroup;
			children = (
				453E9048180D449500CB1C05 /* TodoApp-Info.plist */,
				453E9049180D449500CB1C05 /* InfoPlist.strings */,
				453E904C180D449500CB1C05 /* main.m */,
				453E904E180D449500CB1C05 /* TodoApp-Prefix.pch */,
			);
			name = "Supporting Files";
			sourceTree = "<group>";
		};
		453E9065180D449500CB1C05 /* TodoAppTests */ = {
			isa = PBXGroup;
			children = (
				453E906B180D449600CB1C05 /* TodoAppTests.m */,
				453E9066180D449500CB1C05 /* Supporting Files */,
			);
			path = TodoAppTests;
			sourceTree = "<group>";
		};
		453E9066180D449500CB1C05 /* Supporting Files */ = {
			isa = PBXGroup;
			children = (
				453E9067180D449500CB1C05 /* TodoAppTests-Info.plist */,
				453E9068180D449500CB1C05 /* InfoPlist.strings */,
			);
			name = "Supporting Files";
			sourceTree = "<group>";
		};
/* End PBXGroup section */

/* Begin PBXNativeTarget section */
		453E903C180D449500CB1C05 /* TodoApp */ = {
			isa = PBXNativeTarget;
			buildConfigurationList = 453E906F180D449600CB1C05 /* Build configuration list for PBXNativeTarget "TodoApp" */;
			buildPhases = (
				453E9039180D449500CB1C05 /* Sources */,
				453E903A180D449500CB1C05 /* Frameworks */,
				453E903B180D449500CB1C05 /* Resources */,
			);
			buildRules = (
			);
			dependencies = (
			);
			name = TodoApp;
			productName = TodoApp;
			productReference = 453E903D180D449500CB1C05 /* TodoApp.app */;
			productType = "com.apple.product-type.application";
		};
		453E905D180D449500CB1C05 /* TodoAppTests */ = {
			isa = PBXNativeTarget;
			buildConfigurationList = 453E9072180D449600CB1C05 /* Build configuration list for PBXNativeTarget "TodoAppTests" */;
			buildPhases = (
				453E905A180D449500CB1C05 /* Sources */,
				453E905B180D449500CB1C05 /* Frameworks */,
				453E905C180D449500CB1C05 /* Resources */,
			);
			buildRules = (
			);
			dependencies = (
				453E9064180D449500CB1C05 /* PBXTargetDependency */,
			);
			name = TodoAppTests;
			productName = TodoAppTests;
			productReference = 453E905E180D449500CB1C05 /* TodoAppTests.xctest */;
			productType = "com.apple.product-type.bundle.unit-test";
		};
/* End PBXNativeTarget section */

/* Begin PBXProject section */
		453E9035180D449500CB1C05 /* Project object */ = {
			isa = PBXProject;
			attributes = {
				LastUpgradeCheck = 0500;
				ORGANIZATIONNAME = greensprout;
				TargetAttributes = {
					453E905D180D449500CB1C05 = {
						TestTargetID = 453E903C180D449500CB1C05;
					};
				};
			};
			buildConfigurationList = 453E9038180D449500CB1C05 /* Build configuration list for PBXProject "TodoApp" */;
			compatibilityVersion = "Xcode 3.2";
			developmentRegion = English;
			hasScannedForEncodings = 0;
			knownRegions = (
				en,
				Base,
			);
			mainGroup = 453E9034180D449500CB1C05;
			productRefGroup = 453E903E180D449500CB1C05 /* Products */;
			projectDirPath = "";
			projectRoot = "";
			targets = (
				453E903C180D449500CB1C05 /* TodoApp */,
				453E905D180D449500CB1C05 /* TodoAppTests */,
			);
		};
/* End PBXProject section */

/* Begin PBXResourcesBuildPhase section */
		453E903B180D449500CB1C05 /* Resources */ = {
			isa = PBXResourcesBuildPhase;
			buildActionMask = 2147483647;
			files = (
				453E9059180D449500CB1C05 /* Images.xcassets in Resources */,
				453E904B180D449500CB1C05 /* InfoPlist.strings in Resources */,
				453E9054180D449500CB1C05 /* Main.storyboard in Resources */,
			);
			runOnlyForDeploymentPostprocessing = 0;
		};
		453E905C180D449500CB1C05 /* Resources */ = {
			isa = PBXResourcesBuildPhase;
			buildActionMask = 2147483647;
			files = (
				453E906A180D449500CB1C05 /* InfoPlist.strings in Resources */,
			);
			runOnlyForDeploymentPostprocessing = 0;
		};
/* End PBXResourcesBuildPhase section */

/* Begin PBXSourcesBuildPhase section */
		453E9039180D449500CB1C05 /* Sources */ = {
			isa = PBXSourcesBuildPhase;
			buildActionMask = 2147483647;
			files = (
				453E9057180D449500CB1C05 /* ViewController.m in Sources */,
				453E9051180D449500CB1C05 /* AppDelegate.m in Sources */,
				453E904D180D449500CB1C05 /* main.m in Sources */,
			);
			runOnlyForDeploymentPostprocessing = 0;
		};
		453E905A180D449500CB1C05 /* Sources */ = {
			isa = PBXSourcesBuildPhase;
			buildActionMask = 2147483647;
			files = (
				453E906C180D449600CB1C05 /* TodoAppTests.m in Sources */,
			);
			runOnlyForDeploymentPostprocessing = 0;
		};
/* End PBXSourcesBuildPhase section */

/* Begin PBXTargetDependency section */
		453E9064180D449500CB1C05 /* PBXTargetDependency */ = {
			isa = PBXTargetDependency;
			target = 453E903C180D449500CB1C05 /* TodoApp */;
			targetProxy = 453E9063180D449500CB1C05 /* PBXContainerItemProxy */;
		};
/* End PBXTargetDependency section */

/* Begin PBXVariantGroup section */
		453E9049180D449500CB1C05 /* InfoPlist.strings */ = {
			isa = PBXVariantGroup;
			children = (
				453E904A180D449500CB1C05 /* en */,
			);
			name = InfoPlist.strings;
			sourceTree = "<group>";
		};
		453E9052180D449500CB1C05 /* Main.storyboard */ = {
			isa = PBXVariantGroup;
			children = (
				453E9053180D449500CB1C05 /* Base */,
			);
			name = Main.storyboard;
			sourceTree = "<group>";
		};
		453E9068180D449500CB1C05 /* InfoPlist.strings */ = {
			isa = PBXVariantGroup;
			children = (
				453E9069180D449500CB1C05 /* en */,
			);
			name = InfoPlist.strings;
			sourceTree = "<group>";
		};
/* End PBXVariantGroup section */

/* Begin XCBuildConfiguration section */
		453E906D180D449600CB1C05 /* Debug */ = {
			isa = XCBuildConfiguration;
			buildSettings = {
				ALWAYS_SEARCH_USER_PATHS = NO;
				ARCHS = "$(ARCHS_STANDARD_INCLUDING_64_BIT)";
				CLANG_CXX_LANGUAGE_STANDARD = "gnu++0x";
				CLANG_CXX_LIBRARY = "libc++";
				CLANG_ENABLE_MODULES = YES;
				CLANG_ENABLE_OBJC_ARC = YES;
				CLANG_WARN_BOOL_CONVERSION = YES;
				CLANG_WARN_CONSTANT_CONVERSION = YES;
				CLANG_WARN_DIRECT_OBJC_ISA_USAGE = YES_ERROR;
				CLANG_WARN_EMPTY_BODY = YES;
				CLANG_WARN_ENUM_CONVERSION = YES;
				CLANG_WARN_INT_CONVERSION = YES;
				CLANG_WARN_OBJC_ROOT_CLASS = YES_ERROR;
				CLANG_WARN__DUPLICATE_METHOD_MATCH = YES;
				"CODE_SIGN_IDENTITY[sdk=iphoneos*]" = "iPhone Developer";
				COPY_PHASE_STRIP = NO;
				GCC_C_LANGUAGE_STANDARD = gnu99;
				GCC_DYNAMIC_NO_PIC = NO;
				GCC_OPTIMIZATION_LEVEL = 0;
				GCC_PREPROCESSOR_DEFINITIONS = (
					"DEBUG=1",
					"$(inherited)",
				);
				GCC_SYMBOLS_PRIVATE_EXTERN = NO;
				GCC_WARN_64_TO_32_BIT_CONVERSION = YES;
				GCC_WARN_ABOUT_RETURN_TYPE = YES_ERROR;
				GCC_WARN_UNDECLARED_SELECTOR = YES;
				GCC_WARN_UNINITIALIZED_AUTOS = YES;
				GCC_WARN_UNUSED_FUNCTION = YES;
				GCC_WARN_UNUSED_VARIABLE = YES;
				IPHONEOS_DEPLOYMENT_TARGET = 7.0;
				ONLY_ACTIVE_ARCH = YES;
				SDKROOT = iphoneos;
			};
			name = Debug;
		};
		453E906E180D449600CB1C05 /* Release */ = {
			isa = XCBuildConfiguration;
			buildSettings = {
				ALWAYS_SEARCH_USER_PATHS = NO;
				ARCHS = "$(ARCHS_STANDARD_INCLUDING_64_BIT)";
				CLANG_CXX_LANGUAGE_STANDARD = "gnu++0x";
				CLANG_CXX_LIBRARY = "libc++";
				CLANG_ENABLE_MODULES = YES;
				CLANG_ENABLE_OBJC_ARC = YES;
				CLANG_WARN_BOOL_CONVERSION = YES;
				CLANG_WARN_CONSTANT_CONVERSION = YES;
				CLANG_WARN_DIRECT_OBJC_ISA_USAGE = YES_ERROR;
				CLANG_WARN_EMPTY_BODY = YES;
				CLANG_WARN_ENUM_CONVERSION = YES;
				CLANG_WARN_INT_CONVERSION = YES;
				CLANG_WARN_OBJC_ROOT_CLASS = YES_ERROR;
				CLANG_WARN__DUPLICATE_METHOD_MATCH = YES;
				"CODE_SIGN_IDENTITY[sdk=iphoneos*]" = "iPhone Developer";
				COPY_PHASE_STRIP = YES;
				ENABLE_NS_ASSERTIONS = NO;
				GCC_C_LANGUAGE_STANDARD = gnu99;
				GCC_WARN_64_TO_32_BIT_CONVERSION = YES;
				GCC_WARN_ABOUT_RETURN_TYPE = YES_ERROR;
				GCC_WARN_UNDECLARED_SELECTOR = YES;
				GCC_WARN_UNINITIALIZED_AUTOS = YES;
				GCC_WARN_UNUSED_FUNCTION = YES;
				GCC_WARN_UNUSED_VARIABLE = YES;
				IPHONEOS_DEPLOYMENT_TARGET = 7.0;
				SDKROOT = iphoneos;
				VALIDATE_PRODUCT = YES;
			};
			name = Release;
		};
		453E9070180D449600CB1C05 /* Debug */ = {
			isa = XCBuildConfiguration;
			buildSettings = {
				ASSETCATALOG_COMPILER_APPICON_NAME = AppIcon;
				ASSETCATALOG_COMPILER_LAUNCHIMAGE_NAME = LaunchImage;
				GCC_PRECOMPILE_PREFIX_HEADER = YES;
				GCC_PREFIX_HEADER = "TodoApp/TodoApp-Prefix.pch";
				INFOPLIST_FILE = "TodoApp/TodoApp-Info.plist";
				PRODUCT_NAME = "$(TARGET_NAME)";
				WRAPPER_EXTENSION = app;
			};
			name = Debug;
		};
		453E9071180D449600CB1C05 /* Release */ = {
			isa = XCBuildConfiguration;
			buildSettings = {
				ASSETCATALOG_COMPILER_APPICON_NAME = AppIcon;
				ASSETCATALOG_COMPILER_LAUNCHIMAGE_NAME = LaunchImage;
				GCC_PRECOMPILE_PREFIX_HEADER = YES;
				GCC_PREFIX_HEADER = "TodoApp/TodoApp-Prefix.pch";
				INFOPLIST_FILE = "TodoApp/TodoApp-Info.plist";
				PRODUCT_NAME = "$(TARGET_NAME)";
				WRAPPER_EXTENSION = app;
			};
			name = Release;
		};
		453E9073180D449600CB1C05 /* Debug */ = {
			isa = XCBuildConfiguration;
			buildSettings = {
				ARCHS = "$(ARCHS_STANDARD_INCLUDING_64_BIT)";
				BUNDLE_LOADER = "$(BUILT_PRODUCTS_DIR)/TodoApp.app/TodoApp";
				FRAMEWORK_SEARCH_PATHS = (
					"$(SDKROOT)/Developer/Library/Frameworks",
					"$(inherited)",
					"$(DEVELOPER_FRAMEWORKS_DIR)",
				);
				GCC_PRECOMPILE_PREFIX_HEADER = YES;
				GCC_PREFIX_HEADER = "TodoApp/TodoApp-Prefix.pch";
				GCC_PREPROCESSOR_DEFINITIONS = (
					"DEBUG=1",
					"$(inherited)",
				);
				INFOPLIST_FILE = "TodoAppTests/TodoAppTests-Info.plist";
				PRODUCT_NAME = "$(TARGET_NAME)";
				TEST_HOST = "$(BUNDLE_LOADER)";
				WRAPPER_EXTENSION = xctest;
			};
			name = Debug;
		};
		453E9074180D449600CB1C05 /* Release */ = {
			isa = XCBuildConfiguration;
			buildSettings = {
				ARCHS = "$(ARCHS_STANDARD_INCLUDING_64_BIT)";
				BUNDLE_LOADER = "$(BUILT_PRODUCTS_DIR)/TodoApp.app/TodoApp";
				FRAMEWORK_SEARCH_PATHS = (
					"$(SDKROOT)/Developer/Library/Frameworks",
					"$(inherited)",
					"$(DEVELOPER_FRAMEWORKS_DIR)",
				);
				GCC_PRECOMPILE_PREFIX_HEADER = YES;
				GCC_PREFIX_HEADER = "TodoApp/TodoApp-Prefix.pch";
				INFOPLIST_FILE = "TodoAppTests/TodoAppTests-Info.plist";
				PRODUCT_NAME = "$(TARGET_NAME)";
				TEST_HOST = "$(BUNDLE_LOADER)";
				WRAPPER_EXTENSION = xctest;
			};
			name = Release;
		};
/* End XCBuildConfiguration section */

/* Begin XCConfigurationList section */
		453E9038180D449500CB1C05 /* Build configuration list for PBXProject "TodoApp" */ = {
			isa = XCConfigurationList;
			buildConfigurations = (
				453E906D180D449600CB1C05 /* Debug */,
				453E906E180D449600CB1C05 /* Release */,
			);
			defaultConfigurationIsVisible = 0;
			defaultConfigurationName = Release;
		};
		453E906F180D449600CB1C05 /* Build configuration list for PBXNativeTarget "TodoApp" */ = {
			isa = XCConfigurationList;
			buildConfigurations = (
				453E9070180D449600CB1C05 /* Debug */,
				453E9071180D449600CB1C05 /* Release */,
			);
			defaultConfigurationIsVisible = 0;
		};
		453E9072180D449600CB1C05 /* Build configuration list for PBXNativeTarget "TodoAppTests" */ = {
			isa = XCConfigurationList;
			buildConfigurations = (
				453E9073180D449600CB1C05 /* Debug */,
				453E9074180D449600CB1C05 /* Release */,
			);
			defaultConfigurationIsVisible = 0;
		};
/* End XCConfigurationList section */
	};
	rootObject = 453E9035180D449500CB1C05 /* Project object */;
}
